
Microsoft Visual Studio Solution File, Format Version 12.00
# Visual Studio 14
VisualStudioVersion = 14.0.25123.0
MinimumVisualStudioVersion = 10.0.40219.1
Project("{FAE04EC0-301F-11D3-BF4B-00C04F79EFBC}") = "SortDeck", "SortDeck\SortDeck.csproj", "{C48F3AB9-AC00-4659-B0C2-2905CBEE5E16}"
EndProject
Project("{FAE04EC0-301F-11D3-BF4B-00C04F79EFBC}") = "SortDeck.Test", "SortDeck.Test\SortDeck.Test.csproj", "{7EE1F9EC-6B96-467C-BB52-4F3A7F5E2BFE}"
EndProject
Global
	GlobalSection(SolutionConfigurationPlatforms) = preSolution
		Debug|Any CPU = Debug|Any CPU
		Release|Any CPU = Release|Any CPU
	EndGlobalSection
	GlobalSection(ProjectConfigurationPlatforms) = postSolution
		{C48F3AB9-AC00-4659-B0C2-2905CBEE5E16}.Debug|Any CPU.ActiveCfg = Debug|Any CPU
		{C48F3AB9-AC00-4659-B0C2-2905CBEE5E16}.Debug|Any CPU.Build.0 = Debug|Any CPU
		{C48F3AB9-AC00-4659-B0C2-2905CBEE5E16}.Release|Any CPU.ActiveCfg = Release|Any CPU
		{C48F3AB9-AC00-4659-B0C2-2905CBEE5E16}.Release|Any CPU.Build.0 = Release|Any CPU
		{7EE1F9EC-6B96-467C-BB52-4F3A7F5E2BFE}.Debug|Any CPU.ActiveCfg = Debug|Any CPU
		{7EE1F9EC-6B96-467C-BB52-4F3A7F5E2BFE}.Debug|Any CPU.Build.0 = Debug|Any CPU
		{7EE1F9EC-6B96-467C-BB52-4F3A7F5E2BFE}.Release|Any CPU.ActiveCfg = Release|Any CPU
		{7EE1F9EC-6B96-467C-BB52-4F3A7F5E2BFE}.Release|Any CPU.Build.0 = Release|Any CPU
	EndGlobalSection
	GlobalSection(SolutionProperties) = preSolution
		HideSolutionNode = FALSE
	EndGlobalSection
EndGlobal
